
Microsoft Visual Studio Solution File, Format Version 12.00
# Visual Studio Version 17
VisualStudioVersion = 17.2.32526.322
MinimumVisualStudioVersion = 10.0.40219.1
Project("{FAE04EC0-301F-11D3-BF4B-00C04F79EFBC}") = "O_ALMOC.AR.Android", "O_ALMOC.AR\O_ALMOC.AR.Android\O_ALMOC.AR.Android.csproj", "{80F3540E-E2DD-44CB-BE5B-2D8F6C0536BB}"
EndProject
Project("{FAE04EC0-301F-11D3-BF4B-00C04F79EFBC}") = "O_ALMOC.AR", "O_ALMOC.AR\O_ALMOC.AR\O_ALMOC.AR.csproj", "{A0F64DCC-6E1A-4051-A741-985A76A482D9}"
EndProject
Global
	GlobalSection(SolutionConfigurationPlatforms) = preSolution
		Debug|Any CPU = Debug|Any CPU
		Release|Any CPU = Release|Any CPU
	EndGlobalSection
	GlobalSection(ProjectConfigurationPlatforms) = postSolution
		{80F3540E-E2DD-44CB-BE5B-2D8F6C0536BB}.Debug|Any CPU.ActiveCfg = Debug|Any CPU
		{80F3540E-E2DD-44CB-BE5B-2D8F6C0536BB}.Debug|Any CPU.Build.0 = Debug|Any CPU
		{80F3540E-E2DD-44CB-BE5B-2D8F6C0536BB}.Debug|Any CPU.Deploy.0 = Debug|Any CPU
		{80F3540E-E2DD-44CB-BE5B-2D8F6C0536BB}.Release|Any CPU.ActiveCfg = Release|Any CPU
		{80F3540E-E2DD-44CB-BE5B-2D8F6C0536BB}.Release|Any CPU.Build.0 = Release|Any CPU
		{80F3540E-E2DD-44CB-BE5B-2D8F6C0536BB}.Release|Any CPU.Deploy.0 = Release|Any CPU
		{A0F64DCC-6E1A-4051-A741-985A76A482D9}.Debug|Any CPU.ActiveCfg = Debug|Any CPU
		{A0F64DCC-6E1A-4051-A741-985A76A482D9}.Debug|Any CPU.Build.0 = Debug|Any CPU
		{A0F64DCC-6E1A-4051-A741-985A76A482D9}.Debug|Any CPU.Deploy.0 = Debug|Any CPU
		{A0F64DCC-6E1A-4051-A741-985A76A482D9}.Release|Any CPU.ActiveCfg = Release|Any CPU
		{A0F64DCC-6E1A-4051-A741-985A76A482D9}.Release|Any CPU.Build.0 = Release|Any CPU
		{A0F64DCC-6E1A-4051-A741-985A76A482D9}.Release|Any CPU.Deploy.0 = Release|Any CPU
	EndGlobalSection
	GlobalSection(SolutionProperties) = preSolution
		HideSolutionNode = FALSE
	EndGlobalSection
	GlobalSection(ExtensibilityGlobals) = postSolution
		SolutionGuid = {645ED7A8-3BC5-4DBB-B200-344A5DDFDDE0}
	EndGlobalSection
EndGlobal
